{
  "name": "@suseejs/plugin-banner-text",
  "version": "0.1.1",
  "lockfileVersion": 3,
  "requires": true,
  "packages": {
    "": {
      "name": "@suseejs/plugin-banner-text",
      "version": "0.1.1",
      "license": "ISC",
      "devDependencies": {
        "@suseejs/types": "^0.1.6",
        "typescript": "^5.9.3"
      }
    },
    "node_modules/@suseejs/types": {
      "version": "0.1.6",
      "resolved": "https://registry.npmjs.org/@suseejs/types/-/types-0.1.6.tgz",
      "integrity": "sha512-pNN6ZTfwqIqSPJorHh92kpNSkENPj37hSO3qQ4rfHyXNxDlnRNp4M6HwDfvqV56p48wZdM8DefpJM0F+IfPQag==",
      "dev": true,
      "license": "Apache-2.0",
      "dependencies": {
        "typescript": "^5.9.3"
      }
    },
    "node_modules/typescript": {
      "version": "5.9.3",
      "resolved": "https://registry.npmjs.org/typescript/-/typescript-5.9.3.tgz",
      "integrity": "sha512-jl1vZzPDinLr9eUt3J/t7V6FgNEw9QjvBPdysz9KfQDD41fQrC2Y4vKQdiaUpFT4bXlb1RHhLpp8wtm6M5TgSw==",
      "dev": true,
      "license": "Apache-2.0",
      "bin": {
        "tsc": "bin/tsc",
        "tsserver": "bin/tsserver"
      },
      "engines": {
        "node": ">=14.17"
      }
    }
  }
}
